
Microsoft Visual Studio Solution File, Format Version 12.00
# Visual Studio Version 17
VisualStudioVersion = 17.11.35327.3
MinimumVisualStudioVersion = 10.0.40219.1
Project("{F184B08F-C81C-45F6-A57F-5ABD9991F28F}") = "UTS_PV_UNSIA", "UTS_PV_UNSIA.vbproj", "{BB7846CA-A1D6-48DB-A853-5D5E679F3C28}"
EndProject
Global
	GlobalSection(SolutionConfigurationPlatforms) = preSolution
		Debug|Any CPU = Debug|Any CPU
		Release|Any CPU = Release|Any CPU
	EndGlobalSection
	GlobalSection(ProjectConfigurationPlatforms) = postSolution
		{BB7846CA-A1D6-48DB-A853-5D5E679F3C28}.Debug|Any CPU.ActiveCfg = Debug|Any CPU
		{BB7846CA-A1D6-48DB-A853-5D5E679F3C28}.Debug|Any CPU.Build.0 = Debug|Any CPU
		{BB7846CA-A1D6-48DB-A853-5D5E679F3C28}.Release|Any CPU.ActiveCfg = Release|Any CPU
		{BB7846CA-A1D6-48DB-A853-5D5E679F3C28}.Release|Any CPU.Build.0 = Release|Any CPU
	EndGlobalSection
	GlobalSection(SolutionProperties) = preSolution
		HideSolutionNode = FALSE
	EndGlobalSection
	GlobalSection(ExtensibilityGlobals) = postSolution
		SolutionGuid = {96FB470A-DE42-447D-B669-A56A94868022}
	EndGlobalSection
EndGlobal
